
Microsoft Visual Studio Solution File, Format Version 11.00
# Visual Studio 2010
Project("{FAE04EC0-301F-11D3-BF4B-00C04F79EFBC}") = "Assembly-CSharp", "Assembly-CSharp.csproj", "{4f08c8e4-5868-3c29-7717-77c378ae7493}"
EndProject
Project("{FAE04EC0-301F-11D3-BF4B-00C04F79EFBC}") = "Assembly-CSharp-Editor", "Assembly-CSharp-Editor.csproj", "{58cc3e7a-a277-43cb-5e9c-fe4a26b8c1c1}"
EndProject
Global
	GlobalSection(SolutionConfigurationPlatforms) = preSolution
		Debug|Any CPU = Debug|Any CPU
	EndGlobalSection
	GlobalSection(ProjectConfigurationPlatforms) = postSolution
		{4f08c8e4-5868-3c29-7717-77c378ae7493}.Debug|Any CPU.ActiveCfg = Debug|Any CPU
		{4f08c8e4-5868-3c29-7717-77c378ae7493}.Debug|Any CPU.Build.0 = Debug|Any CPU
		{58cc3e7a-a277-43cb-5e9c-fe4a26b8c1c1}.Debug|Any CPU.ActiveCfg = Debug|Any CPU
		{58cc3e7a-a277-43cb-5e9c-fe4a26b8c1c1}.Debug|Any CPU.Build.0 = Debug|Any CPU
	EndGlobalSection
	GlobalSection(SolutionProperties) = preSolution
		HideSolutionNode = FALSE
	EndGlobalSection
EndGlobal
